
Microsoft Visual Studio Solution File, Format Version 12.00
# Visual Studio Version 17
VisualStudioVersion = 17.5.33530.505
MinimumVisualStudioVersion = 10.0.40219.1
Project("{FAE04EC0-301F-11D3-BF4B-00C04F79EFBC}") = "Pre.Streams.Introduction.Cons", "Pre.Streams.Introduction.Cons\Pre.Streams.Introduction.Cons.csproj", "{5387F914-A3D0-4664-AD79-C226D7CB19A5}"
EndProject
Project("{FAE04EC0-301F-11D3-BF4B-00C04F79EFBC}") = "Pre.Streams.Introduction", "Pre.Streams.Introduction\Pre.Streams.Introduction.csproj", "{A5F384D3-E5B8-48E8-A686-2E23A1FF0235}"
EndProject
Global
	GlobalSection(SolutionConfigurationPlatforms) = preSolution
		Debug|Any CPU = Debug|Any CPU
		Release|Any CPU = Release|Any CPU
	EndGlobalSection
	GlobalSection(ProjectConfigurationPlatforms) = postSolution
		{5387F914-A3D0-4664-AD79-C226D7CB19A5}.Debug|Any CPU.ActiveCfg = Debug|Any CPU
		{5387F914-A3D0-4664-AD79-C226D7CB19A5}.Debug|Any CPU.Build.0 = Debug|Any CPU
		{5387F914-A3D0-4664-AD79-C226D7CB19A5}.Release|Any CPU.ActiveCfg = Release|Any CPU
		{5387F914-A3D0-4664-AD79-C226D7CB19A5}.Release|Any CPU.Build.0 = Release|Any CPU
		{A5F384D3-E5B8-48E8-A686-2E23A1FF0235}.Debug|Any CPU.ActiveCfg = Debug|Any CPU
		{A5F384D3-E5B8-48E8-A686-2E23A1FF0235}.Debug|Any CPU.Build.0 = Debug|Any CPU
		{A5F384D3-E5B8-48E8-A686-2E23A1FF0235}.Release|Any CPU.ActiveCfg = Release|Any CPU
		{A5F384D3-E5B8-48E8-A686-2E23A1FF0235}.Release|Any CPU.Build.0 = Release|Any CPU
	EndGlobalSection
	GlobalSection(SolutionProperties) = preSolution
		HideSolutionNode = FALSE
	EndGlobalSection
	GlobalSection(ExtensibilityGlobals) = postSolution
		SolutionGuid = {99797388-BFC4-4971-A283-7140034DE28C}
	EndGlobalSection
EndGlobal
